// !$*UTF8*$!
{
	archiveVersion = 1;
	classes = {
	};
	objectVersion = 56;
	objects = {

/* Begin PBXBuildFile section */
		514310182FB21F1900A3BBAB /* FirebaseAnalytics in Frameworks */ = {isa = PBXBuildFile; productRef = 514310172FB21F1900A3BBAB /* FirebaseAnalytics */; };
		5143101A2FB21F1900A3BBAB /* FirebaseAuth in Frameworks */ = {isa = PBXBuildFile; productRef = 514310192FB21F1900A3BBAB /* FirebaseAuth */; };
		5143101C2FB21F1900A3BBAB /* FirebaseFirestore in Frameworks */ = {isa = PBXBuildFile; productRef = 5143101B2FB21F1900A3BBAB /* FirebaseFirestore */; };
		5143101E2FB21F1900A3BBAB /* FirebaseStorage in Frameworks */ = {isa = PBXBuildFile; productRef = 5143101D2FB21F1900A3BBAB /* FirebaseStorage */; };
		514310202FB2210000A3BBAB /* GoogleService-Info.plist in Resources */ = {isa = PBXBuildFile; fileRef = 5143101F2FB2210000A3BBAB /* GoogleService-Info.plist */; };
		518852832FB206D2009B9ECA /* AppDelegate.swift in Sources */ = {isa = PBXBuildFile; fileRef = 518852822FB206D2009B9ECA /* AppDelegate.swift */; };
		518852852FB206D2009B9ECA /* SceneDelegate.swift in Sources */ = {isa = PBXBuildFile; fileRef = 518852842FB206D2009B9ECA /* SceneDelegate.swift */; };
		518852872FB206D2009B9ECA /* ViewController.swift in Sources */ = {isa = PBXBuildFile; fileRef = 518852862FB206D2009B9ECA /* ViewController.swift */; };
		5188528A2FB206D2009B9ECA /* Base in Resources */ = {isa = PBXBuildFile; fileRef = 518852892FB206D2009B9ECA /* Base */; };
		5188528C2FB206D4009B9ECA /* Assets.xcassets in Resources */ = {isa = PBXBuildFile; fileRef = 5188528B2FB206D4009B9ECA /* Assets.xcassets */; };
		5188528F2FB206D4009B9ECA /* Base in Resources */ = {isa = PBXBuildFile; fileRef = 5188528E2FB206D4009B9ECA /* Base */; };
		51AC294A2FB314D500493A46 /* LoginViewController.swift in Sources */ = {isa = PBXBuildFile; fileRef = 51AC29492FB314D500493A46 /* LoginViewController.swift */; };
		51AC294D2FB332FA00493A46 /* ConversationListViewController.swift in Sources */ = {isa = PBXBuildFile; fileRef = 51AC294C2FB332FA00493A46 /* ConversationListViewController.swift */; };
		51E3C7FF2FB4604D0047BC04 /* UserProfile.swift in Sources */ = {isa = PBXBuildFile; fileRef = 51E3C7FE2FB4604D0047BC04 /* UserProfile.swift */; };
		51E3C8012FB468C80047BC04 /* Message.swift in Sources */ = {isa = PBXBuildFile; fileRef = 51E3C8002FB468C80047BC04 /* Message.swift */; };
		51E3C8032FB469780047BC04 /* ChatViewController.swift in Sources */ = {isa = PBXBuildFile; fileRef = 51E3C8022FB469780047BC04 /* ChatViewController.swift */; };
/* End PBXBuildFile section */

/* Begin PBXFileReference section */
		5143101F2FB2210000A3BBAB /* GoogleService-Info.plist */ = {isa = PBXFileReference; fileEncoding = 4; lastKnownFileType = text.plist.xml; path = "GoogleService-Info.plist"; sourceTree = "<group>"; };
		5188527F2FB206D2009B9ECA /* Chatapp.app */ = {isa = PBXFileReference; explicitFileType = wrapper.application; includeInIndex = 0; path = Chatapp.app; sourceTree = BUILT_PRODUCTS_DIR; };
		518852822FB206D2009B9ECA /* AppDelegate.swift */ = {isa = PBXFileReference; lastKnownFileType = sourcecode.swift; path = AppDelegate.swift; sourceTree = "<group>"; };
		518852842FB206D2009B9ECA /* SceneDelegate.swift */ = {isa = PBXFileReference; lastKnownFileType = sourcecode.swift; path = SceneDelegate.swift; sourceTree = "<group>"; };
		518852862FB206D2009B9ECA /* ViewController.swift */ = {isa = PBXFileReference; lastKnownFileType = sourcecode.swift; path = ViewController.swift; sourceTree = "<group>"; };
		518852892FB206D2009B9ECA /* Base */ = {isa = PBXFileReference; lastKnownFileType = file.storyboard; name = Base; path = Base.lproj/Main.storyboard; sourceTree = "<group>"; };
		5188528B2FB206D4009B9ECA /* Assets.xcassets */ = {isa = PBXFileReference; lastKnownFileType = folder.assetcatalog; path = Assets.xcassets; sourceTree = "<group>"; };
		5188528E2FB206D4009B9ECA /* Base */ = {isa = PBXFileReference; lastKnownFileType = file.storyboard; name = Base; path = Base.lproj/LaunchScreen.storyboard; sourceTree = "<group>"; };
		518852902FB206D4009B9ECA /* Info.plist */ = {isa = PBXFileReference; lastKnownFileType = text.plist.xml; path = Info.plist; sourceTree = "<group>"; };
		51AC29492FB314D500493A46 /* LoginViewController.swift */ = {isa = PBXFileReference; lastKnownFileType = sourcecode.swift; path = LoginViewController.swift; sourceTree = "<group>"; };
		51AC294C2FB332FA00493A46 /* ConversationListViewController.swift */ = {isa = PBXFileReference; lastKnownFileType = sourcecode.swift; path = ConversationListViewController.swift; sourceTree = "<group>"; };
		51E3C7FE2FB4604D0047BC04 /* UserProfile.swift */ = {isa = PBXFileReference; lastKnownFileType = sourcecode.swift; path = UserProfile.swift; sourceTree = "<group>"; };
		51E3C8002FB468C80047BC04 /* Message.swift */ = {isa = PBXFileReference; lastKnownFileType = sourcecode.swift; path = Message.swift; sourceTree = "<group>"; };
		51E3C8022FB469780047BC04 /* ChatViewController.swift */ = {isa = PBXFileReference; lastKnownFileType = sourcecode.swift; path = ChatViewController.swift; sourceTree = "<group>"; };
/* End PBXFileReference section */

/* Begin PBXFrameworksBuildPhase section */
		5188527C2FB206D2009B9ECA /* Frameworks */ = {
			isa = PBXFrameworksBuildPhase;
			buildActionMask = 2147483647;
			files = (
				514310182FB21F1900A3BBAB /* FirebaseAnalytics in Frameworks */,
				5143101E2FB21F1900A3BBAB /* FirebaseStorage in Frameworks */,
				5143101A2FB21F1900A3BBAB /* FirebaseAuth in Frameworks */,
				5143101C2FB21F1900A3BBAB /* FirebaseFirestore in Frameworks */,
			);
			runOnlyForDeploymentPostprocessing = 0;
		};
/* End PBXFrameworksBuildPhase section */

/* Begin PBXGroup section */
		518852762FB206D2009B9ECA = {
			isa = PBXGroup;
			children = (
				518852812FB206D2009B9ECA /* Chatapp */,
				518852802FB206D2009B9ECA /* Products */,
				51AC294B2FB318A400493A46 /* Frameworks */,
			);
			sourceTree = "<group>";
		};
		518852802FB206D2009B9ECA /* Products */ = {
			isa = PBXGroup;
			children = (
				5188527F2FB206D2009B9ECA /* Chatapp.app */,
			);
			name = Products;
			sourceTree = "<group>";
		};
		518852812FB206D2009B9ECA /* Chatapp */ = {
			isa = PBXGroup;
			children = (
				5143101F2FB2210000A3BBAB /* GoogleService-Info.plist */,
				518852822FB206D2009B9ECA /* AppDelegate.swift */,
				518852842FB206D2009B9ECA /* SceneDelegate.swift */,
				518852862FB206D2009B9ECA /* ViewController.swift */,
				518852882FB206D2009B9ECA /* Main.storyboard */,
				5188528B2FB206D4009B9ECA /* Assets.xcassets */,
				5188528D2FB206D4009B9ECA /* LaunchScreen.storyboard */,
				518852902FB206D4009B9ECA /* Info.plist */,
				51AC29492FB314D500493A46 /* LoginViewController.swift */,
				51AC294C2FB332FA00493A46 /* ConversationListViewController.swift */,
				51E3C7FE2FB4604D0047BC04 /* UserProfile.swift */,
				51E3C8002FB468C80047BC04 /* Message.swift */,
				51E3C8022FB469780047BC04 /* ChatViewController.swift */,
			);
			path = Chatapp;
			sourceTree = "<group>";
		};
		51AC294B2FB318A400493A46 /* Frameworks */ = {
			isa = PBXGroup;
			children = (
			);
			name = Frameworks;
			sourceTree = "<group>";
		};
/* End PBXGroup section */

/* Begin PBXNativeTarget section */
		5188527E2FB206D2009B9ECA /* Chatapp */ = {
			isa = PBXNativeTarget;
			buildConfigurationList = 518852932FB206D4009B9ECA /* Build configuration list for PBXNativeTarget "Chatapp" */;
			buildPhases = (
				5188527B2FB206D2009B9ECA /* Sources */,
				5188527C2FB206D2009B9ECA /* Frameworks */,
				5188527D2FB206D2009B9ECA /* Resources */,
			);
			buildRules = (
			);
			dependencies = (
			);
			name = Chatapp;
			packageProductDependencies = (
				514310172FB21F1900A3BBAB /* FirebaseAnalytics */,
				514310192FB21F1900A3BBAB /* FirebaseAuth */,
				5143101B2FB21F1900A3BBAB /* FirebaseFirestore */,
				5143101D2FB21F1900A3BBAB /* FirebaseStorage */,
			);
			productName = Chatapp;
			productReference = 5188527F2FB206D2009B9ECA /* Chatapp.app */;
			productType = "com.apple.product-type.application";
		};
/* End PBXNativeTarget section */

/* Begin PBXProject section */
		518852772FB206D2009B9ECA /* Project object */ = {
			isa = PBXProject;
			attributes = {
				BuildIndependentTargetsInParallel = 1;
				LastSwiftUpdateCheck = 1540;
				LastUpgradeCheck = 1540;
				TargetAttributes = {
					5188527E2FB206D2009B9ECA = {
						CreatedOnToolsVersion = 15.4;
					};
				};
			};
			buildConfigurationList = 5188527A2FB206D2009B9ECA /* Build configuration list for PBXProject "Chatapp" */;
			compatibilityVersion = "Xcode 14.0";
			developmentRegion = en;
			hasScannedForEncodings = 0;
			knownRegions = (
				en,
				Base,
			);
			mainGroup = 518852762FB206D2009B9ECA;
			packageReferences = (
				514310162FB21F1900A3BBAB /* XCRemoteSwiftPackageReference "firebase-ios-sdk" */,
			);
			productRefGroup = 518852802FB206D2009B9ECA /* Products */;
			projectDirPath = "";
			projectRoot = "";
			targets = (
				5188527E2FB206D2009B9ECA /* Chatapp */,
			);
		};
/* End PBXProject section */

/* Begin PBXResourcesBuildPhase section */
		5188527D2FB206D2009B9ECA /* Resources */ = {
			isa = PBXResourcesBuildPhase;
			buildActionMask = 2147483647;
			files = (
				5188528C2FB206D4009B9ECA /* Assets.xcassets in Resources */,
				514310202FB2210000A3BBAB /* GoogleService-Info.plist in Resources */,
				5188528F2FB206D4009B9ECA /* Base in Resources */,
				5188528A2FB206D2009B9ECA /* Base in Resources */,
			);
			runOnlyForDeploymentPostprocessing = 0;
		};
/* End PBXResourcesBuildPhase section */

/* Begin PBXSourcesBuildPhase section */
		5188527B2FB206D2009B9ECA /* Sources */ = {
			isa = PBXSourcesBuildPhase;
			buildActionMask = 2147483647;
			files = (
				51AC294A2FB314D500493A46 /* LoginViewController.swift in Sources */,
				518852872FB206D2009B9ECA /* ViewController.swift in Sources */,
				51E3C8032FB469780047BC04 /* ChatViewController.swift in Sources */,
				51E3C7FF2FB4604D0047BC04 /* UserProfile.swift in Sources */,
				51AC294D2FB332FA00493A46 /* ConversationListViewController.swift in Sources */,
				518852832FB206D2009B9ECA /* AppDelegate.swift in Sources */,
				518852852FB206D2009B9ECA /* SceneDelegate.swift in Sources */,
				51E3C8012FB468C80047BC04 /* Message.swift in Sources */,
			);
			runOnlyForDeploymentPostprocessing = 0;
		};
/* End PBXSourcesBuildPhase section */

/* Begin PBXVariantGroup section */
		518852882FB206D2009B9ECA /* Main.storyboard */ = {
			isa = PBXVariantGroup;
			children = (
				518852892FB206D2009B9ECA /* Base */,
			);
			name = Main.storyboard;
			sourceTree = "<group>";
		};
		5188528D2FB206D4009B9ECA /* LaunchScreen.storyboard */ = {
			isa = PBXVariantGroup;
			children = (
				5188528E2FB206D4009B9ECA /* Base */,
			);
			name = LaunchScreen.storyboard;
			sourceTree = "<group>";
		};
/* End PBXVariantGroup section */

/* Begin XCBuildConfiguration section */
		518852912FB206D4009B9ECA /* Debug */ = {
			isa = XCBuildConfiguration;
			buildSettings = {
				ALWAYS_SEARCH_USER_PATHS = NO;
				ASSETCATALOG_COMPILER_GENERATE_SWIFT_ASSET_SYMBOL_EXTENSIONS = YES;
				CLANG_ANALYZER_NONNULL = YES;
				CLANG_ANALYZER_NUMBER_OBJECT_CONVERSION = YES_AGGRESSIVE;
				CLANG_CXX_LANGUAGE_STANDARD = "gnu++20";
				CLANG_ENABLE_MODULES = YES;
				CLANG_ENABLE_OBJC_ARC = YES;
				CLANG_ENABLE_OBJC_WEAK = YES;
				CLANG_WARN_BLOCK_CAPTURE_AUTORELEASING = YES;
				CLANG_WARN_BOOL_CONVERSION = YES;
				CLANG_WARN_COMMA = YES;
				CLANG_WARN_CONSTANT_CONVERSION = YES;
				CLANG_WARN_DEPRECATED_OBJC_IMPLEMENTATIONS = YES;
				CLANG_WARN_DIRECT_OBJC_ISA_USAGE = YES_ERROR;
				CLANG_WARN_DOCUMENTATION_COMMENTS = YES;
				CLANG_WARN_EMPTY_BODY = YES;
				CLANG_WARN_ENUM_CONVERSION = YES;
				CLANG_WARN_INFINITE_RECURSION = YES;
				CLANG_WARN_INT_CONVERSION = YES;
				CLANG_WARN_NON_LITERAL_NULL_CONVERSION = YES;
				CLANG_WARN_OBJC_IMPLICIT_RETAIN_SELF = YES;
				CLANG_WARN_OBJC_LITERAL_CONVERSION = YES;
				CLANG_WARN_OBJC_ROOT_CLASS = YES_ERROR;
				CLANG_WARN_QUOTED_INCLUDE_IN_FRAMEWORK_HEADER = YES;
				CLANG_WARN_RANGE_LOOP_ANALYSIS = YES;
				CLANG_WARN_STRICT_PROTOTYPES = YES;
				CLANG_WARN_SUSPICIOUS_MOVE = YES;
				CLANG_WARN_UNGUARDED_AVAILABILITY = YES_AGGRESSIVE;
				CLANG_WARN_UNREACHABLE_CODE = YES;
				CLANG_WARN__DUPLICATE_METHOD_MATCH = YES;
				COPY_PHASE_STRIP = NO;
				DEBUG_INFORMATION_FORMAT = dwarf;
				ENABLE_STRICT_OBJC_MSGSEND = YES;
				ENABLE_TESTABILITY = YES;
				ENABLE_USER_SCRIPT_SANDBOXING = YES;
				GCC_C_LANGUAGE_STANDARD = gnu17;
				GCC_DYNAMIC_NO_PIC = NO;
				GCC_NO_COMMON_BLOCKS = YES;
				GCC_OPTIMIZATION_LEVEL = 0;
				GCC_PREPROCESSOR_DEFINITIONS = (
					"DEBUG=1",
					"$(inherited)",
				);
				GCC_WARN_64_TO_32_BIT_CONVERSION = YES;
				GCC_WARN_ABOUT_RETURN_TYPE = YES_ERROR;
				GCC_WARN_UNDECLARED_SELECTOR = YES;
				GCC_WARN_UNINITIALIZED_AUTOS = YES_AGGRESSIVE;
				GCC_WARN_UNUSED_FUNCTION = YES;
				GCC_WARN_UNUSED_VARIABLE = YES;
				IPHONEOS_DEPLOYMENT_TARGET = 17.5;
				LOCALIZATION_PREFERS_STRING_CATALOGS = YES;
				MTL_ENABLE_DEBUG_INFO = INCLUDE_SOURCE;
				MTL_FAST_MATH = YES;
				ONLY_ACTIVE_ARCH = YES;
				SDKROOT = iphoneos;
				SWIFT_ACTIVE_COMPILATION_CONDITIONS = "DEBUG $(inherited)";
				SWIFT_OPTIMIZATION_LEVEL = "-Onone";
			};
			name = Debug;
		};
		518852922FB206D4009B9ECA /* Release */ = {
			isa = XCBuildConfiguration;
			buildSettings = {
				ALWAYS_SEARCH_USER_PATHS = NO;
				ASSETCATALOG_COMPILER_GENERATE_SWIFT_ASSET_SYMBOL_EXTENSIONS = YES;
				CLANG_ANALYZER_NONNULL = YES;
				CLANG_ANALYZER_NUMBER_OBJECT_CONVERSION = YES_AGGRESSIVE;
				CLANG_CXX_LANGUAGE_STANDARD = "gnu++20";
				CLANG_ENABLE_MODULES = YES;
				CLANG_ENABLE_OBJC_ARC = YES;
				CLANG_ENABLE_OBJC_WEAK = YES;
				CLANG_WARN_BLOCK_CAPTURE_AUTORELEASING = YES;
				CLANG_WARN_BOOL_CONVERSION = YES;
				CLANG_WARN_COMMA = YES;
				CLANG_WARN_CONSTANT_CONVERSION = YES;
				CLANG_WARN_DEPRECATED_OBJC_IMPLEMENTATIONS = YES;
				CLANG_WARN_DIRECT_OBJC_ISA_USAGE = YES_ERROR;
				CLANG_WARN_DOCUMENTATION_COMMENTS = YES;
				CLANG_WARN_EMPTY_BODY = YES;
				CLANG_WARN_ENUM_CONVERSION = YES;
				CLANG_WARN_INFINITE_RECURSION = YES;
				CLANG_WARN_INT_CONVERSION = YES;
				CLANG_WARN_NON_LITERAL_NULL_CONVERSION = YES;
				CLANG_WARN_OBJC_IMPLICIT_RETAIN_SELF = YES;
				CLANG_WARN_OBJC_LITERAL_CONVERSION = YES;
				CLANG_WARN_OBJC_ROOT_CLASS = YES_ERROR;
				CLANG_WARN_QUOTED_INCLUDE_IN_FRAMEWORK_HEADER = YES;
				CLANG_WARN_RANGE_LOOP_ANALYSIS = YES;
				CLANG_WARN_STRICT_PROTOTYPES = YES;
				CLANG_WARN_SUSPICIOUS_MOVE = YES;
				CLANG_WARN_UNGUARDED_AVAILABILITY = YES_AGGRESSIVE;
				CLANG_WARN_UNREACHABLE_CODE = YES;
				CLANG_WARN__DUPLICATE_METHOD_MATCH = YES;
				COPY_PHASE_STRIP = NO;
				DEBUG_INFORMATION_FORMAT = "dwarf-with-dsym";
				ENABLE_NS_ASSERTIONS = NO;
				ENABLE_STRICT_OBJC_MSGSEND = YES;
				ENABLE_USER_SCRIPT_SANDBOXING = YES;
				GCC_C_LANGUAGE_STANDARD = gnu17;
				GCC_NO_COMMON_BLOCKS = YES;
				GCC_WARN_64_TO_32_BIT_CONVERSION = YES;
				GCC_WARN_ABOUT_RETURN_TYPE = YES_ERROR;
				GCC_WARN_UNDECLARED_SELECTOR = YES;
				GCC_WARN_UNINITIALIZED_AUTOS = YES_AGGRESSIVE;
				GCC_WARN_UNUSED_FUNCTION = YES;
				GCC_WARN_UNUSED_VARIABLE = YES;
				IPHONEOS_DEPLOYMENT_TARGET = 17.5;
				LOCALIZATION_PREFERS_STRING_CATALOGS = YES;
				MTL_ENABLE_DEBUG_INFO = NO;
				MTL_FAST_MATH = YES;
				SDKROOT = iphoneos;
				SWIFT_COMPILATION_MODE = wholemodule;
				VALIDATE_PRODUCT = YES;
			};
			name = Release;
		};
		518852942FB206D4009B9ECA /* Debug */ = {
			isa = XCBuildConfiguration;
			buildSettings = {
				ASSETCATALOG_COMPILER_APPICON_NAME = AppIcon;
				ASSETCATALOG_COMPILER_GLOBAL_ACCENT_COLOR_NAME = AccentColor;
				CODE_SIGN_STYLE = Automatic;
				CURRENT_PROJECT_VERSION = 1;
				DEVELOPMENT_TEAM = A6C62BWC55;
				GENERATE_INFOPLIST_FILE = YES;
				INFOPLIST_FILE = Chatapp/Info.plist;
				INFOPLIST_KEY_CFBundleDisplayName = Chatapp;
				INFOPLIST_KEY_LSApplicationCategoryType = "public.app-category.social-networking";
				INFOPLIST_KEY_UIApplicationSupportsIndirectInputEvents = YES;
				INFOPLIST_KEY_UILaunchStoryboardName = LaunchScreen;
				INFOPLIST_KEY_UIMainStoryboardFile = Main;
				INFOPLIST_KEY_UISupportedInterfaceOrientations_iPad = "UIInterfaceOrientationPortrait UIInterfaceOrientationPortraitUpsideDown UIInterfaceOrientationLandscapeLeft UIInterfaceOrientationLandscapeRight";
				INFOPLIST_KEY_UISupportedInterfaceOrientations_iPhone = "UIInterfaceOrientationPortrait UIInterfaceOrientationLandscapeLeft UIInterfaceOrientationLandscapeRight";
				IPHONEOS_DEPLOYMENT_TARGET = 14.2;
				LD_RUNPATH_SEARCH_PATHS = (
					"$(inherited)",
					"@executable_path/Frameworks",
				);
				MARKETING_VERSION = 1.0;
				PRODUCT_BUNDLE_IDENTIFIER = tw.edu.nptu.Chatapp;
				PRODUCT_NAME = "$(TARGET_NAME)";
				SWIFT_EMIT_LOC_STRINGS = YES;
				SWIFT_VERSION = 5.0;
				TARGETED_DEVICE_FAMILY = "1,2";
			};
			name = Debug;
		};
		518852952FB206D4009B9ECA /* Release */ = {
			isa = XCBuildConfiguration;
			buildSettings = {
				ASSETCATALOG_COMPILER_APPICON_NAME = AppIcon;
				ASSETCATALOG_COMPILER_GLOBAL_ACCENT_COLOR_NAME = AccentColor;
				CODE_SIGN_STYLE = Automatic;
				CURRENT_PROJECT_VERSION = 1;
				DEVELOPMENT_TEAM = A6C62BWC55;
				GENERATE_INFOPLIST_FILE = YES;
				INFOPLIST_FILE = Chatapp/Info.plist;
				INFOPLIST_KEY_CFBundleDisplayName = Chatapp;
				INFOPLIST_KEY_LSApplicationCategoryType = "public.app-category.social-networking";
				INFOPLIST_KEY_UIApplicationSupportsIndirectInputEvents = YES;
				INFOPLIST_KEY_UILaunchStoryboardName = LaunchScreen;
				INFOPLIST_KEY_UIMainStoryboardFile = Main;
				INFOPLIST_KEY_UISupportedInterfaceOrientations_iPad = "UIInterfaceOrientationPortrait UIInterfaceOrientationPortraitUpsideDown UIInterfaceOrientationLandscapeLeft UIInterfaceOrientationLandscapeRight";
				INFOPLIST_KEY_UISupportedInterfaceOrientations_iPhone = "UIInterfaceOrientationPortrait UIInterfaceOrientationLandscapeLeft UIInterfaceOrientationLandscapeRight";
				IPHONEOS_DEPLOYMENT_TARGET = 14.2;
				LD_RUNPATH_SEARCH_PATHS = (
					"$(inherited)",
					"@executable_path/Frameworks",
				);
				MARKETING_VERSION = 1.0;
				PRODUCT_BUNDLE_IDENTIFIER = tw.edu.nptu.Chatapp;
				PRODUCT_NAME = "$(TARGET_NAME)";
				SWIFT_EMIT_LOC_STRINGS = YES;
				SWIFT_VERSION = 5.0;
				TARGETED_DEVICE_FAMILY = "1,2";
			};
			name = Release;
		};
/* End XCBuildConfiguration section */

/* Begin XCConfigurationList section */
		5188527A2FB206D2009B9ECA /* Build configuration list for PBXProject "Chatapp" */ = {
			isa = XCConfigurationList;
			buildConfigurations = (
				518852912FB206D4009B9ECA /* Debug */,
				518852922FB206D4009B9ECA /* Release */,
			);
			defaultConfigurationIsVisible = 0;
			defaultConfigurationName = Release;
		};
		518852932FB206D4009B9ECA /* Build configuration list for PBXNativeTarget "Chatapp" */ = {
			isa = XCConfigurationList;
			buildConfigurations = (
				518852942FB206D4009B9ECA /* Debug */,
				518852952FB206D4009B9ECA /* Release */,
			);
			defaultConfigurationIsVisible = 0;
			defaultConfigurationName = Release;
		};
/* End XCConfigurationList section */

/* Begin XCRemoteSwiftPackageReference section */
		514310162FB21F1900A3BBAB /* XCRemoteSwiftPackageReference "firebase-ios-sdk" */ = {
			isa = XCRemoteSwiftPackageReference;
			repositoryURL = "https://github.com/firebase/firebase-ios-sdk";
			requirement = {
				kind = upToNextMajorVersion;
				minimumVersion = 10.0.0;
			};
		};
/* End XCRemoteSwiftPackageReference section */

/* Begin XCSwiftPackageProductDependency section */
		514310172FB21F1900A3BBAB /* FirebaseAnalytics */ = {
			isa = XCSwiftPackageProductDependency;
			package = 514310162FB21F1900A3BBAB /* XCRemoteSwiftPackageReference "firebase-ios-sdk" */;
			productName = FirebaseAnalytics;
		};
		514310192FB21F1900A3BBAB /* FirebaseAuth */ = {
			isa = XCSwiftPackageProductDependency;
			package = 514310162FB21F1900A3BBAB /* XCRemoteSwiftPackageReference "firebase-ios-sdk" */;
			productName = FirebaseAuth;
		};
		5143101B2FB21F1900A3BBAB /* FirebaseFirestore */ = {
			isa = XCSwiftPackageProductDependency;
			package = 514310162FB21F1900A3BBAB /* XCRemoteSwiftPackageReference "firebase-ios-sdk" */;
			productName = FirebaseFirestore;
		};
		5143101D2FB21F1900A3BBAB /* FirebaseStorage */ = {
			isa = XCSwiftPackageProductDependency;
			package = 514310162FB21F1900A3BBAB /* XCRemoteSwiftPackageReference "firebase-ios-sdk" */;
			productName = FirebaseStorage;
		};
/* End XCSwiftPackageProductDependency section */
	};
	rootObject = 518852772FB206D2009B9ECA /* Project object */;
}
