// !$*UTF8*$!
{
	archiveVersion = 1;
	classes = {
	};
	objectVersion = 56;
	objects = {

/* Begin PBXBuildFile section */
		514169B32FDB2AB2007FE670 /* ChatViewController.swift in Sources */ = {isa = PBXBuildFile; fileRef = 514169952FDB2AB2007FE670 /* ChatViewController.swift */; };
		514169B42FDB2AB2007FE670 /* ChatListViewController.swift in Sources */ = {isa = PBXBuildFile; fileRef = 514169962FDB2AB2007FE670 /* ChatListViewController.swift */; };
		514169B52FDB2AB2007FE670 /* LoginViewController.swift in Sources */ = {isa = PBXBuildFile; fileRef = 514169972FDB2AB2007FE670 /* LoginViewController.swift */; };
		514169B62FDB2AB2007FE670 /* MainTabBarController.swift in Sources */ = {isa = PBXBuildFile; fileRef = 514169982FDB2AB2007FE670 /* MainTabBarController.swift */; };
		514169B72FDB2AB2007FE670 /* MediaPreviewViewController.swift in Sources */ = {isa = PBXBuildFile; fileRef = 514169992FDB2AB2007FE670 /* MediaPreviewViewController.swift */; };
		514169B92FDB2AB2007FE670 /* SettingsViewController.swift in Sources */ = {isa = PBXBuildFile; fileRef = 5141699B2FDB2AB2007FE670 /* SettingsViewController.swift */; };
		514169BA2FDB2AB2007FE670 /* UIViewController+Keyboard.swift in Sources */ = {isa = PBXBuildFile; fileRef = 5141699C2FDB2AB2007FE670 /* UIViewController+Keyboard.swift */; };
		514169BB2FDB2AB2007FE670 /* ImageUploadManager.swift in Sources */ = {isa = PBXBuildFile; fileRef = 5141699E2FDB2AB2007FE670 /* ImageUploadManager.swift */; };
		514169BC2FDB2AB2007FE670 /* LocalCacheManager.swift in Sources */ = {isa = PBXBuildFile; fileRef = 5141699F2FDB2AB2007FE670 /* LocalCacheManager.swift */; };
		514169BD2FDB2AB2007FE670 /* Message.swift in Sources */ = {isa = PBXBuildFile; fileRef = 514169A12FDB2AB2007FE670 /* Message.swift */; };
		514169BE2FDB2AB2007FE670 /* UserProfile.swift in Sources */ = {isa = PBXBuildFile; fileRef = 514169A22FDB2AB2007FE670 /* UserProfile.swift */; };
		514169BF2FDB2AB2007FE670 /* Assets.xcassets in Resources */ = {isa = PBXBuildFile; fileRef = 514169A42FDB2AB2007FE670 /* Assets.xcassets */; };
		514169C22FDB2AB2007FE670 /* LaunchScreen.storyboard in Resources */ = {isa = PBXBuildFile; fileRef = 514169A92FDB2AB2007FE670 /* LaunchScreen.storyboard */; };
		514169C32FDB2AB2007FE670 /* Main.storyboard in Resources */ = {isa = PBXBuildFile; fileRef = 514169AB2FDB2AB2007FE670 /* Main.storyboard */; };
		514169C42FDB2AB2007FE670 /* ConversationCell.swift in Sources */ = {isa = PBXBuildFile; fileRef = 514169AD2FDB2AB2007FE670 /* ConversationCell.swift */; };
		514169C52FDB2AB2007FE670 /* AppDelegate.swift in Sources */ = {isa = PBXBuildFile; fileRef = 514169AF2FDB2AB2007FE670 /* AppDelegate.swift */; };
		514169C72FDB2AB2007FE670 /* SceneDelegate.swift in Sources */ = {isa = PBXBuildFile; fileRef = 514169B12FDB2AB2007FE670 /* SceneDelegate.swift */; };
		514169D22FDB2AB2007FE670 /* UserAvatarCell.swift in Sources */ = {isa = PBXBuildFile; fileRef = 514169D12FDB2AB2007FE670 /* UserAvatarCell.swift */; };
		514310182FB21F1900A3BBAB /* FirebaseAnalytics in Frameworks */ = {isa = PBXBuildFile; productRef = 514310172FB21F1900A3BBAB /* FirebaseAnalytics */; };
		5143101A2FB21F1900A3BBAB /* FirebaseAuth in Frameworks */ = {isa = PBXBuildFile; productRef = 514310192FB21F1900A3BBAB /* FirebaseAuth */; };
		5143101C2FB21F1900A3BBAB /* FirebaseFirestore in Frameworks */ = {isa = PBXBuildFile; productRef = 5143101B2FB21F1900A3BBAB /* FirebaseFirestore */; };
		5143101E2FB21F1900A3BBAB /* FirebaseStorage in Frameworks */ = {isa = PBXBuildFile; productRef = 5143101D2FB21F1900A3BBAB /* FirebaseStorage */; };
		51565C9C2FDDB0C70096FB15 /* GoogleService-Info.plist in Resources */ = {isa = PBXBuildFile; fileRef = 51565C9B2FDDB0B20096FB15 /* GoogleService-Info.plist */; };
		51565C9E2FDDB1800096FB15 /* UserRowCell.swift in Sources */ = {isa = PBXBuildFile; fileRef = 51565C9D2FDDB1800096FB15 /* UserRowCell.swift */; };
		51565CA52FDDE9720096FB15 /* Localizable.strings in Resources */ = {isa = PBXBuildFile; fileRef = 51565CA32FDDE9710096FB15 /* Localizable.strings */; };
		51917A5B2FDC4CED002959E9 /* FriendsViewController.swift in Sources */ = {isa = PBXBuildFile; fileRef = 51917A5A2FDC4CED002959E9 /* FriendsViewController.swift */; };
		51917A5D2FDC4CF8002959E9 /* AddFriendViewController.swift in Sources */ = {isa = PBXBuildFile; fileRef = 51917A5C2FDC4CF7002959E9 /* AddFriendViewController.swift */; };
		51917A5F2FDC4EC0002959E9 /* FriendRequest.swift in Sources */ = {isa = PBXBuildFile; fileRef = 51917A5E2FDC4EC0002959E9 /* FriendRequest.swift */; };
/* End PBXBuildFile section */

/* Begin PBXFileReference section */
		514169952FDB2AB2007FE670 /* ChatViewController.swift */ = {isa = PBXFileReference; fileEncoding = 4; lastKnownFileType = sourcecode.swift; path = ChatViewController.swift; sourceTree = "<group>"; };
		514169962FDB2AB2007FE670 /* ChatListViewController.swift */ = {isa = PBXFileReference; fileEncoding = 4; lastKnownFileType = sourcecode.swift; path = ChatListViewController.swift; sourceTree = "<group>"; };
		514169972FDB2AB2007FE670 /* LoginViewController.swift */ = {isa = PBXFileReference; fileEncoding = 4; lastKnownFileType = sourcecode.swift; path = LoginViewController.swift; sourceTree = "<group>"; };
		514169982FDB2AB2007FE670 /* MainTabBarController.swift */ = {isa = PBXFileReference; fileEncoding = 4; lastKnownFileType = sourcecode.swift; path = MainTabBarController.swift; sourceTree = "<group>"; };
		514169992FDB2AB2007FE670 /* MediaPreviewViewController.swift */ = {isa = PBXFileReference; fileEncoding = 4; lastKnownFileType = sourcecode.swift; path = MediaPreviewViewController.swift; sourceTree = "<group>"; };
		5141699B2FDB2AB2007FE670 /* SettingsViewController.swift */ = {isa = PBXFileReference; fileEncoding = 4; lastKnownFileType = sourcecode.swift; path = SettingsViewController.swift; sourceTree = "<group>"; };
		5141699C2FDB2AB2007FE670 /* UIViewController+Keyboard.swift */ = {isa = PBXFileReference; fileEncoding = 4; lastKnownFileType = sourcecode.swift; path = "UIViewController+Keyboard.swift"; sourceTree = "<group>"; };
		5141699E2FDB2AB2007FE670 /* ImageUploadManager.swift */ = {isa = PBXFileReference; fileEncoding = 4; lastKnownFileType = sourcecode.swift; path = ImageUploadManager.swift; sourceTree = "<group>"; };
		5141699F2FDB2AB2007FE670 /* LocalCacheManager.swift */ = {isa = PBXFileReference; fileEncoding = 4; lastKnownFileType = sourcecode.swift; path = LocalCacheManager.swift; sourceTree = "<group>"; };
		514169A12FDB2AB2007FE670 /* Message.swift */ = {isa = PBXFileReference; fileEncoding = 4; lastKnownFileType = sourcecode.swift; path = Message.swift; sourceTree = "<group>"; };
		514169A22FDB2AB2007FE670 /* UserProfile.swift */ = {isa = PBXFileReference; fileEncoding = 4; lastKnownFileType = sourcecode.swift; path = UserProfile.swift; sourceTree = "<group>"; };
		514169A42FDB2AB2007FE670 /* Assets.xcassets */ = {isa = PBXFileReference; lastKnownFileType = folder.assetcatalog; path = Assets.xcassets; sourceTree = "<group>"; };
		514169A62FDB2AB2007FE670 /* Info.plist */ = {isa = PBXFileReference; fileEncoding = 4; lastKnownFileType = text.plist.xml; path = Info.plist; sourceTree = "<group>"; };
		514169A82FDB2AB2007FE670 /* Base */ = {isa = PBXFileReference; lastKnownFileType = file.storyboard; name = Base; path = Base.lproj/LaunchScreen.storyboard; sourceTree = "<group>"; };
		514169AA2FDB2AB2007FE670 /* Base */ = {isa = PBXFileReference; lastKnownFileType = file.storyboard; name = Base; path = Base.lproj/Main.storyboard; sourceTree = "<group>"; };
		514169AD2FDB2AB2007FE670 /* ConversationCell.swift */ = {isa = PBXFileReference; fileEncoding = 4; lastKnownFileType = sourcecode.swift; path = ConversationCell.swift; sourceTree = "<group>"; };
		514169AF2FDB2AB2007FE670 /* AppDelegate.swift */ = {isa = PBXFileReference; fileEncoding = 4; lastKnownFileType = sourcecode.swift; path = AppDelegate.swift; sourceTree = "<group>"; };
		514169B12FDB2AB2007FE670 /* SceneDelegate.swift */ = {isa = PBXFileReference; fileEncoding = 4; lastKnownFileType = sourcecode.swift; path = SceneDelegate.swift; sourceTree = "<group>"; };
		514169D12FDB2AB2007FE670 /* UserAvatarCell.swift */ = {isa = PBXFileReference; fileEncoding = 4; lastKnownFileType = sourcecode.swift; path = UserAvatarCell.swift; sourceTree = "<group>"; };
		51565C9B2FDDB0B20096FB15 /* GoogleService-Info.plist */ = {isa = PBXFileReference; lastKnownFileType = text.plist.xml; path = "GoogleService-Info.plist"; sourceTree = "<group>"; };
		51565C9D2FDDB1800096FB15 /* UserRowCell.swift */ = {isa = PBXFileReference; fileEncoding = 4; lastKnownFileType = sourcecode.swift; path = UserRowCell.swift; sourceTree = "<group>"; };
		51565CA12FDDE0040096FB15 /* Chatapp.app */ = {isa = PBXFileReference; explicitFileType = wrapper.application; includeInIndex = 0; path = Chatapp.app; sourceTree = BUILT_PRODUCTS_DIR; };
		51565CA22FDDE9710096FB15 /* zh-Hant */ = {isa = PBXFileReference; lastKnownFileType = text.plist.strings; name = "zh-Hant"; path = Localizable.strings; sourceTree = "<group>"; };
		51917A5A2FDC4CED002959E9 /* FriendsViewController.swift */ = {isa = PBXFileReference; fileEncoding = 4; lastKnownFileType = sourcecode.swift; path = FriendsViewController.swift; sourceTree = "<group>"; };
		51917A5C2FDC4CF7002959E9 /* AddFriendViewController.swift */ = {isa = PBXFileReference; fileEncoding = 4; lastKnownFileType = sourcecode.swift; path = AddFriendViewController.swift; sourceTree = "<group>"; };
		51917A5E2FDC4EC0002959E9 /* FriendRequest.swift */ = {isa = PBXFileReference; fileEncoding = 4; lastKnownFileType = sourcecode.swift; name = FriendRequest.swift; path = Chatapp/Models/FriendRequest.swift; sourceTree = SOURCE_ROOT; };
/* End PBXFileReference section */

/* Begin PBXFrameworksBuildPhase section */
		5188527C2FB206D2009B9ECA /* Frameworks */ = {
			isa = PBXFrameworksBuildPhase;
			buildActionMask = 2147483647;
			files = (
				514310182FB21F1900A3BBAB /* FirebaseAnalytics in Frameworks */,
				5143101E2FB21F1900A3BBAB /* FirebaseStorage in Frameworks */,
				5143101A2FB21F1900A3BBAB /* FirebaseAuth in Frameworks */,
				5143101C2FB21F1900A3BBAB /* FirebaseFirestore in Frameworks */,
			);
			runOnlyForDeploymentPostprocessing = 0;
		};
/* End PBXFrameworksBuildPhase section */

/* Begin PBXGroup section */
		5141699D2FDB2AB2007FE670 /* Controllers */ = {
			isa = PBXGroup;
			children = (
				514169952FDB2AB2007FE670 /* ChatViewController.swift */,
				514169962FDB2AB2007FE670 /* ChatListViewController.swift */,
				514169972FDB2AB2007FE670 /* LoginViewController.swift */,
				514169982FDB2AB2007FE670 /* MainTabBarController.swift */,
				51917A5C2FDC4CF7002959E9 /* AddFriendViewController.swift */,
				51917A5A2FDC4CED002959E9 /* FriendsViewController.swift */,
				514169992FDB2AB2007FE670 /* MediaPreviewViewController.swift */,
				5141699B2FDB2AB2007FE670 /* SettingsViewController.swift */,
				5141699C2FDB2AB2007FE670 /* UIViewController+Keyboard.swift */,
			);
			path = Controllers;
			sourceTree = "<group>";
		};
		514169A02FDB2AB2007FE670 /* Managers */ = {
			isa = PBXGroup;
			children = (
				5141699E2FDB2AB2007FE670 /* ImageUploadManager.swift */,
				5141699F2FDB2AB2007FE670 /* LocalCacheManager.swift */,
			);
			path = Managers;
			sourceTree = "<group>";
		};
		514169A32FDB2AB2007FE670 /* Models */ = {
			isa = PBXGroup;
			children = (
				51917A5E2FDC4EC0002959E9 /* FriendRequest.swift */,
				514169A12FDB2AB2007FE670 /* Message.swift */,
				514169A22FDB2AB2007FE670 /* UserProfile.swift */,
			);
			path = Models;
			sourceTree = "<group>";
		};
		514169A72FDB2AB2007FE670 /* Resources */ = {
			isa = PBXGroup;
			children = (
				51565CA42FDDE9710096FB15 /* zh-Hant.lproj */,
				514169A42FDB2AB2007FE670 /* Assets.xcassets */,
				51565C9B2FDDB0B20096FB15 /* GoogleService-Info.plist */,
				514169A62FDB2AB2007FE670 /* Info.plist */,
			);
			path = Resources;
			sourceTree = "<group>";
		};
		514169AC2FDB2AB2007FE670 /* Storyboards */ = {
			isa = PBXGroup;
			children = (
				514169A92FDB2AB2007FE670 /* LaunchScreen.storyboard */,
				514169AB2FDB2AB2007FE670 /* Main.storyboard */,
			);
			path = Storyboards;
			sourceTree = "<group>";
		};
		514169AE2FDB2AB2007FE670 /* Views */ = {
			isa = PBXGroup;
			children = (
				51565C9D2FDDB1800096FB15 /* UserRowCell.swift */,
				514169AC2FDB2AB2007FE670 /* Storyboards */,
				514169AD2FDB2AB2007FE670 /* ConversationCell.swift */,
				514169D12FDB2AB2007FE670 /* UserAvatarCell.swift */,
			);
			path = Views;
			sourceTree = "<group>";
		};
		514169B22FDB2AB2007FE670 /* Chatapp */ = {
			isa = PBXGroup;
			children = (
				5141699D2FDB2AB2007FE670 /* Controllers */,
				514169A02FDB2AB2007FE670 /* Managers */,
				514169A32FDB2AB2007FE670 /* Models */,
				514169A72FDB2AB2007FE670 /* Resources */,
				514169AE2FDB2AB2007FE670 /* Views */,
				514169AF2FDB2AB2007FE670 /* AppDelegate.swift */,
				514169B12FDB2AB2007FE670 /* SceneDelegate.swift */,
			);
			path = Chatapp;
			sourceTree = "<group>";
		};
		51565CA42FDDE9710096FB15 /* zh-Hant.lproj */ = {
			isa = PBXGroup;
			children = (
				51565CA32FDDE9710096FB15 /* Localizable.strings */,
			);
			path = "zh-Hant.lproj";
			sourceTree = "<group>";
		};
		518852762FB206D2009B9ECA = {
			isa = PBXGroup;
			children = (
				514169B22FDB2AB2007FE670 /* Chatapp */,
				51AC294B2FB318A400493A46 /* Frameworks */,
				51565CA12FDDE0040096FB15 /* Chatapp.app */,
			);
			sourceTree = "<group>";
		};
		51AC294B2FB318A400493A46 /* Frameworks */ = {
			isa = PBXGroup;
			children = (
			);
			name = Frameworks;
			sourceTree = "<group>";
		};
/* End PBXGroup section */

/* Begin PBXNativeTarget section */
		5188527E2FB206D2009B9ECA /* Chatapp */ = {
			isa = PBXNativeTarget;
			buildConfigurationList = 518852932FB206D4009B9ECA /* Build configuration list for PBXNativeTarget "Chatapp" */;
			buildPhases = (
				5188527B2FB206D2009B9ECA /* Sources */,
				5188527C2FB206D2009B9ECA /* Frameworks */,
				5188527D2FB206D2009B9ECA /* Resources */,
			);
			buildRules = (
			);
			dependencies = (
			);
			name = Chatapp;
			packageProductDependencies = (
				514310172FB21F1900A3BBAB /* FirebaseAnalytics */,
				514310192FB21F1900A3BBAB /* FirebaseAuth */,
				5143101B2FB21F1900A3BBAB /* FirebaseFirestore */,
				5143101D2FB21F1900A3BBAB /* FirebaseStorage */,
			);
			productName = Chatapp;
			productReference = 51565CA12FDDE0040096FB15 /* Chatapp.app */;
			productType = "com.apple.product-type.application";
		};
/* End PBXNativeTarget section */

/* Begin PBXProject section */
		518852772FB206D2009B9ECA /* Project object */ = {
			isa = PBXProject;
			attributes = {
				BuildIndependentTargetsInParallel = 1;
				LastSwiftUpdateCheck = 1540;
				LastUpgradeCheck = 1540;
				TargetAttributes = {
					5188527E2FB206D2009B9ECA = {
						CreatedOnToolsVersion = 15.4;
					};
				};
			};
			buildConfigurationList = 5188527A2FB206D2009B9ECA /* Build configuration list for PBXProject "Chatapp" */;
			compatibilityVersion = "Xcode 14.0";
			developmentRegion = en;
			hasScannedForEncodings = 0;
			knownRegions = (
				en,
				Base,
				"zh-Hant",
			);
			mainGroup = 518852762FB206D2009B9ECA;
			packageReferences = (
				514310162FB21F1900A3BBAB /* XCRemoteSwiftPackageReference "firebase-ios-sdk" */,
			);
			productRefGroup = 518852762FB206D2009B9ECA;
			projectDirPath = "";
			projectRoot = "";
			targets = (
				5188527E2FB206D2009B9ECA /* Chatapp */,
			);
		};
/* End PBXProject section */

/* Begin PBXResourcesBuildPhase section */
		5188527D2FB206D2009B9ECA /* Resources */ = {
			isa = PBXResourcesBuildPhase;
			buildActionMask = 2147483647;
			files = (
				51565CA52FDDE9720096FB15 /* Localizable.strings in Resources */,
				51565C9C2FDDB0C70096FB15 /* GoogleService-Info.plist in Resources */,
				514169BF2FDB2AB2007FE670 /* Assets.xcassets in Resources */,
				514169C32FDB2AB2007FE670 /* Main.storyboard in Resources */,
				514169C22FDB2AB2007FE670 /* LaunchScreen.storyboard in Resources */,
			);
			runOnlyForDeploymentPostprocessing = 0;
		};
/* End PBXResourcesBuildPhase section */

/* Begin PBXSourcesBuildPhase section */
		5188527B2FB206D2009B9ECA /* Sources */ = {
			isa = PBXSourcesBuildPhase;
			buildActionMask = 2147483647;
			files = (
				514169BC2FDB2AB2007FE670 /* LocalCacheManager.swift in Sources */,
				514169B52FDB2AB2007FE670 /* LoginViewController.swift in Sources */,
				51917A5F2FDC4EC0002959E9 /* FriendRequest.swift in Sources */,
				514169B92FDB2AB2007FE670 /* SettingsViewController.swift in Sources */,
				51917A5B2FDC4CED002959E9 /* FriendsViewController.swift in Sources */,
				514169C52FDB2AB2007FE670 /* AppDelegate.swift in Sources */,
				51565C9E2FDDB1800096FB15 /* UserRowCell.swift in Sources */,
				514169BA2FDB2AB2007FE670 /* UIViewController+Keyboard.swift in Sources */,
				514169B32FDB2AB2007FE670 /* ChatViewController.swift in Sources */,
				514169C72FDB2AB2007FE670 /* SceneDelegate.swift in Sources */,
				514169BD2FDB2AB2007FE670 /* Message.swift in Sources */,
				514169B62FDB2AB2007FE670 /* MainTabBarController.swift in Sources */,
				514169C42FDB2AB2007FE670 /* ConversationCell.swift in Sources */,
				51917A5D2FDC4CF8002959E9 /* AddFriendViewController.swift in Sources */,
				514169D22FDB2AB2007FE670 /* UserAvatarCell.swift in Sources */,
				514169BE2FDB2AB2007FE670 /* UserProfile.swift in Sources */,
				514169B72FDB2AB2007FE670 /* MediaPreviewViewController.swift in Sources */,
				514169BB2FDB2AB2007FE670 /* ImageUploadManager.swift in Sources */,
				514169B42FDB2AB2007FE670 /* ChatListViewController.swift in Sources */,
			);
			runOnlyForDeploymentPostprocessing = 0;
		};
/* End PBXSourcesBuildPhase section */

/* Begin PBXVariantGroup section */
		514169A92FDB2AB2007FE670 /* LaunchScreen.storyboard */ = {
			isa = PBXVariantGroup;
			children = (
				514169A82FDB2AB2007FE670 /* Base */,
			);
			name = LaunchScreen.storyboard;
			sourceTree = "<group>";
		};
		514169AB2FDB2AB2007FE670 /* Main.storyboard */ = {
			isa = PBXVariantGroup;
			children = (
				514169AA2FDB2AB2007FE670 /* Base */,
			);
			name = Main.storyboard;
			sourceTree = "<group>";
		};
		51565CA32FDDE9710096FB15 /* Localizable.strings */ = {
			isa = PBXVariantGroup;
			children = (
				51565CA22FDDE9710096FB15 /* zh-Hant */,
			);
			name = Localizable.strings;
			sourceTree = "<group>";
		};
/* End PBXVariantGroup section */

/* Begin XCBuildConfiguration section */
		518852912FB206D4009B9ECA /* Debug */ = {
			isa = XCBuildConfiguration;
			buildSettings = {
				ALWAYS_SEARCH_USER_PATHS = NO;
				ASSETCATALOG_COMPILER_GENERATE_SWIFT_ASSET_SYMBOL_EXTENSIONS = YES;
				CLANG_ANALYZER_NONNULL = YES;
				CLANG_ANALYZER_NUMBER_OBJECT_CONVERSION = YES_AGGRESSIVE;
				CLANG_CXX_LANGUAGE_STANDARD = "gnu++20";
				CLANG_ENABLE_MODULES = YES;
				CLANG_ENABLE_OBJC_ARC = YES;
				CLANG_ENABLE_OBJC_WEAK = YES;
				CLANG_WARN_BLOCK_CAPTURE_AUTORELEASING = YES;
				CLANG_WARN_BOOL_CONVERSION = YES;
				CLANG_WARN_COMMA = YES;
				CLANG_WARN_CONSTANT_CONVERSION = YES;
				CLANG_WARN_DEPRECATED_OBJC_IMPLEMENTATIONS = YES;
				CLANG_WARN_DIRECT_OBJC_ISA_USAGE = YES_ERROR;
				CLANG_WARN_DOCUMENTATION_COMMENTS = YES;
				CLANG_WARN_EMPTY_BODY = YES;
				CLANG_WARN_ENUM_CONVERSION = YES;
				CLANG_WARN_INFINITE_RECURSION = YES;
				CLANG_WARN_INT_CONVERSION = YES;
				CLANG_WARN_NON_LITERAL_NULL_CONVERSION = YES;
				CLANG_WARN_OBJC_IMPLICIT_RETAIN_SELF = YES;
				CLANG_WARN_OBJC_LITERAL_CONVERSION = YES;
				CLANG_WARN_OBJC_ROOT_CLASS = YES_ERROR;
				CLANG_WARN_QUOTED_INCLUDE_IN_FRAMEWORK_HEADER = YES;
				CLANG_WARN_RANGE_LOOP_ANALYSIS = YES;
				CLANG_WARN_STRICT_PROTOTYPES = YES;
				CLANG_WARN_SUSPICIOUS_MOVE = YES;
				CLANG_WARN_UNGUARDED_AVAILABILITY = YES_AGGRESSIVE;
				CLANG_WARN_UNREACHABLE_CODE = YES;
				CLANG_WARN__DUPLICATE_METHOD_MATCH = YES;
				COPY_PHASE_STRIP = NO;
				DEBUG_INFORMATION_FORMAT = dwarf;
				ENABLE_STRICT_OBJC_MSGSEND = YES;
				ENABLE_TESTABILITY = YES;
				ENABLE_USER_SCRIPT_SANDBOXING = YES;
				GCC_C_LANGUAGE_STANDARD = gnu17;
				GCC_DYNAMIC_NO_PIC = NO;
				GCC_NO_COMMON_BLOCKS = YES;
				GCC_OPTIMIZATION_LEVEL = 0;
				GCC_PREPROCESSOR_DEFINITIONS = (
					"DEBUG=1",
					"$(inherited)",
				);
				GCC_WARN_64_TO_32_BIT_CONVERSION = YES;
				GCC_WARN_ABOUT_RETURN_TYPE = YES_ERROR;
				GCC_WARN_UNDECLARED_SELECTOR = YES;
				GCC_WARN_UNINITIALIZED_AUTOS = YES_AGGRESSIVE;
				GCC_WARN_UNUSED_FUNCTION = YES;
				GCC_WARN_UNUSED_VARIABLE = YES;
				IPHONEOS_DEPLOYMENT_TARGET = 17.5;
				LOCALIZATION_PREFERS_STRING_CATALOGS = YES;
				MTL_ENABLE_DEBUG_INFO = INCLUDE_SOURCE;
				MTL_FAST_MATH = YES;
				ONLY_ACTIVE_ARCH = YES;
				SDKROOT = iphoneos;
				SWIFT_ACTIVE_COMPILATION_CONDITIONS = "DEBUG $(inherited)";
				SWIFT_OPTIMIZATION_LEVEL = "-Onone";
			};
			name = Debug;
		};
		518852922FB206D4009B9ECA /* Release */ = {
			isa = XCBuildConfiguration;
			buildSettings = {
				ALWAYS_SEARCH_USER_PATHS = NO;
				ASSETCATALOG_COMPILER_GENERATE_SWIFT_ASSET_SYMBOL_EXTENSIONS = YES;
				CLANG_ANALYZER_NONNULL = YES;
				CLANG_ANALYZER_NUMBER_OBJECT_CONVERSION = YES_AGGRESSIVE;
				CLANG_CXX_LANGUAGE_STANDARD = "gnu++20";
				CLANG_ENABLE_MODULES = YES;
				CLANG_ENABLE_OBJC_ARC = YES;
				CLANG_ENABLE_OBJC_WEAK = YES;
				CLANG_WARN_BLOCK_CAPTURE_AUTORELEASING = YES;
				CLANG_WARN_BOOL_CONVERSION = YES;
				CLANG_WARN_COMMA = YES;
				CLANG_WARN_CONSTANT_CONVERSION = YES;
				CLANG_WARN_DEPRECATED_OBJC_IMPLEMENTATIONS = YES;
				CLANG_WARN_DIRECT_OBJC_ISA_USAGE = YES_ERROR;
				CLANG_WARN_DOCUMENTATION_COMMENTS = YES;
				CLANG_WARN_EMPTY_BODY = YES;
				CLANG_WARN_ENUM_CONVERSION = YES;
				CLANG_WARN_INFINITE_RECURSION = YES;
				CLANG_WARN_INT_CONVERSION = YES;
				CLANG_WARN_NON_LITERAL_NULL_CONVERSION = YES;
				CLANG_WARN_OBJC_IMPLICIT_RETAIN_SELF = YES;
				CLANG_WARN_OBJC_LITERAL_CONVERSION = YES;
				CLANG_WARN_OBJC_ROOT_CLASS = YES_ERROR;
				CLANG_WARN_QUOTED_INCLUDE_IN_FRAMEWORK_HEADER = YES;
				CLANG_WARN_RANGE_LOOP_ANALYSIS = YES;
				CLANG_WARN_STRICT_PROTOTYPES = YES;
				CLANG_WARN_SUSPICIOUS_MOVE = YES;
				CLANG_WARN_UNGUARDED_AVAILABILITY = YES_AGGRESSIVE;
				CLANG_WARN_UNREACHABLE_CODE = YES;
				CLANG_WARN__DUPLICATE_METHOD_MATCH = YES;
				COPY_PHASE_STRIP = NO;
				DEBUG_INFORMATION_FORMAT = "dwarf-with-dsym";
				ENABLE_NS_ASSERTIONS = NO;
				ENABLE_STRICT_OBJC_MSGSEND = YES;
				ENABLE_USER_SCRIPT_SANDBOXING = YES;
				GCC_C_LANGUAGE_STANDARD = gnu17;
				GCC_NO_COMMON_BLOCKS = YES;
				GCC_WARN_64_TO_32_BIT_CONVERSION = YES;
				GCC_WARN_ABOUT_RETURN_TYPE = YES_ERROR;
				GCC_WARN_UNDECLARED_SELECTOR = YES;
				GCC_WARN_UNINITIALIZED_AUTOS = YES_AGGRESSIVE;
				GCC_WARN_UNUSED_FUNCTION = YES;
				GCC_WARN_UNUSED_VARIABLE = YES;
				IPHONEOS_DEPLOYMENT_TARGET = 17.5;
				LOCALIZATION_PREFERS_STRING_CATALOGS = YES;
				MTL_ENABLE_DEBUG_INFO = NO;
				MTL_FAST_MATH = YES;
				SDKROOT = iphoneos;
				SWIFT_COMPILATION_MODE = wholemodule;
				VALIDATE_PRODUCT = YES;
			};
			name = Release;
		};
		518852942FB206D4009B9ECA /* Debug */ = {
			isa = XCBuildConfiguration;
			buildSettings = {
				ASSETCATALOG_COMPILER_APPICON_NAME = AppIcon;
				ASSETCATALOG_COMPILER_GLOBAL_ACCENT_COLOR_NAME = AccentColor;
				CODE_SIGN_STYLE = Automatic;
				CURRENT_PROJECT_VERSION = 1;
				DEVELOPMENT_TEAM = A6C62BWC55;
				GENERATE_INFOPLIST_FILE = YES;
				INFOPLIST_FILE = Chatapp/Resources/Info.plist;
				INFOPLIST_KEY_CFBundleDisplayName = Chatapp;
				INFOPLIST_KEY_LSApplicationCategoryType = "public.app-category.social-networking";
				INFOPLIST_KEY_UIApplicationSupportsIndirectInputEvents = YES;
				INFOPLIST_KEY_UILaunchStoryboardName = LaunchScreen;
				INFOPLIST_KEY_UIMainStoryboardFile = Main;
				INFOPLIST_KEY_UISupportedInterfaceOrientations_iPad = "UIInterfaceOrientationPortrait UIInterfaceOrientationPortraitUpsideDown UIInterfaceOrientationLandscapeLeft UIInterfaceOrientationLandscapeRight";
				INFOPLIST_KEY_UISupportedInterfaceOrientations_iPhone = "UIInterfaceOrientationPortrait UIInterfaceOrientationLandscapeLeft UIInterfaceOrientationLandscapeRight";
				IPHONEOS_DEPLOYMENT_TARGET = 14.2;
				LD_RUNPATH_SEARCH_PATHS = (
					"$(inherited)",
					"@executable_path/Frameworks",
				);
				MARKETING_VERSION = 1.0;
				PRODUCT_BUNDLE_IDENTIFIER = tw.edu.nptu.Chatapp;
				PRODUCT_NAME = "$(TARGET_NAME)";
				SWIFT_EMIT_LOC_STRINGS = YES;
				SWIFT_VERSION = 5.0;
				TARGETED_DEVICE_FAMILY = "1,2";
			};
			name = Debug;
		};
		518852952FB206D4009B9ECA /* Release */ = {
			isa = XCBuildConfiguration;
			buildSettings = {
				ASSETCATALOG_COMPILER_APPICON_NAME = AppIcon;
				ASSETCATALOG_COMPILER_GLOBAL_ACCENT_COLOR_NAME = AccentColor;
				CODE_SIGN_STYLE = Automatic;
				CURRENT_PROJECT_VERSION = 1;
				DEVELOPMENT_TEAM = A6C62BWC55;
				GENERATE_INFOPLIST_FILE = YES;
				INFOPLIST_FILE = Chatapp/Resources/Info.plist;
				INFOPLIST_KEY_CFBundleDisplayName = Chatapp;
				INFOPLIST_KEY_LSApplicationCategoryType = "public.app-category.social-networking";
				INFOPLIST_KEY_UIApplicationSupportsIndirectInputEvents = YES;
				INFOPLIST_KEY_UILaunchStoryboardName = LaunchScreen;
				INFOPLIST_KEY_UIMainStoryboardFile = Main;
				INFOPLIST_KEY_UISupportedInterfaceOrientations_iPad = "UIInterfaceOrientationPortrait UIInterfaceOrientationPortraitUpsideDown UIInterfaceOrientationLandscapeLeft UIInterfaceOrientationLandscapeRight";
				INFOPLIST_KEY_UISupportedInterfaceOrientations_iPhone = "UIInterfaceOrientationPortrait UIInterfaceOrientationLandscapeLeft UIInterfaceOrientationLandscapeRight";
				IPHONEOS_DEPLOYMENT_TARGET = 14.2;
				LD_RUNPATH_SEARCH_PATHS = (
					"$(inherited)",
					"@executable_path/Frameworks",
				);
				MARKETING_VERSION = 1.0;
				PRODUCT_BUNDLE_IDENTIFIER = tw.edu.nptu.Chatapp;
				PRODUCT_NAME = "$(TARGET_NAME)";
				SWIFT_EMIT_LOC_STRINGS = YES;
				SWIFT_VERSION = 5.0;
				TARGETED_DEVICE_FAMILY = "1,2";
			};
			name = Release;
		};
/* End XCBuildConfiguration section */

/* Begin XCConfigurationList section */
		5188527A2FB206D2009B9ECA /* Build configuration list for PBXProject "Chatapp" */ = {
			isa = XCConfigurationList;
			buildConfigurations = (
				518852912FB206D4009B9ECA /* Debug */,
				518852922FB206D4009B9ECA /* Release */,
			);
			defaultConfigurationIsVisible = 0;
			defaultConfigurationName = Release;
		};
		518852932FB206D4009B9ECA /* Build configuration list for PBXNativeTarget "Chatapp" */ = {
			isa = XCConfigurationList;
			buildConfigurations = (
				518852942FB206D4009B9ECA /* Debug */,
				518852952FB206D4009B9ECA /* Release */,
			);
			defaultConfigurationIsVisible = 0;
			defaultConfigurationName = Release;
		};
/* End XCConfigurationList section */

/* Begin XCRemoteSwiftPackageReference section */
		514310162FB21F1900A3BBAB /* XCRemoteSwiftPackageReference "firebase-ios-sdk" */ = {
			isa = XCRemoteSwiftPackageReference;
			repositoryURL = "https://github.com/firebase/firebase-ios-sdk";
			requirement = {
				kind = upToNextMajorVersion;
				minimumVersion = 10.0.0;
			};
		};
/* End XCRemoteSwiftPackageReference section */

/* Begin XCSwiftPackageProductDependency section */
		514310172FB21F1900A3BBAB /* FirebaseAnalytics */ = {
			isa = XCSwiftPackageProductDependency;
			package = 514310162FB21F1900A3BBAB /* XCRemoteSwiftPackageReference "firebase-ios-sdk" */;
			productName = FirebaseAnalytics;
		};
		514310192FB21F1900A3BBAB /* FirebaseAuth */ = {
			isa = XCSwiftPackageProductDependency;
			package = 514310162FB21F1900A3BBAB /* XCRemoteSwiftPackageReference "firebase-ios-sdk" */;
			productName = FirebaseAuth;
		};
		5143101B2FB21F1900A3BBAB /* FirebaseFirestore */ = {
			isa = XCSwiftPackageProductDependency;
			package = 514310162FB21F1900A3BBAB /* XCRemoteSwiftPackageReference "firebase-ios-sdk" */;
			productName = FirebaseFirestore;
		};
		5143101D2FB21F1900A3BBAB /* FirebaseStorage */ = {
			isa = XCSwiftPackageProductDependency;
			package = 514310162FB21F1900A3BBAB /* XCRemoteSwiftPackageReference "firebase-ios-sdk" */;
			productName = FirebaseStorage;
		};
/* End XCSwiftPackageProductDependency section */
	};
	rootObject = 518852772FB206D2009B9ECA /* Project object */;
}
